
Microsoft Visual Studio Solution File, Format Version 12.00
# Visual Studio Version 17
VisualStudioVersion = 17.2.32602.215
MinimumVisualStudioVersion = 10.0.40219.1
Project("{FAE04EC0-301F-11D3-BF4B-00C04F79EFBC}") = "DublicatesDelete", "DublicatesDelete\DublicatesDelete.csproj", "{29668FF9-91DD-4C7A-A58F-B476A0AF1D5B}"
EndProject
Global
	GlobalSection(SolutionConfigurationPlatforms) = preSolution
		Debug|Any CPU = Debug|Any CPU
		Release|Any CPU = Release|Any CPU
	EndGlobalSection
	GlobalSection(ProjectConfigurationPlatforms) = postSolution
		{29668FF9-91DD-4C7A-A58F-B476A0AF1D5B}.Debug|Any CPU.ActiveCfg = Debug|Any CPU
		{29668FF9-91DD-4C7A-A58F-B476A0AF1D5B}.Debug|Any CPU.Build.0 = Debug|Any CPU
		{29668FF9-91DD-4C7A-A58F-B476A0AF1D5B}.Release|Any CPU.ActiveCfg = Release|Any CPU
		{29668FF9-91DD-4C7A-A58F-B476A0AF1D5B}.Release|Any CPU.Build.0 = Release|Any CPU
	EndGlobalSection
	GlobalSection(SolutionProperties) = preSolution
		HideSolutionNode = FALSE
	EndGlobalSection
	GlobalSection(ExtensibilityGlobals) = postSolution
		SolutionGuid = {E62C0AFB-5185-413E-90E5-19920D442CB7}
	EndGlobalSection
EndGlobal
